
Microsoft Visual Studio Solution File, Format Version 12.00
# Visual Studio Version 17
VisualStudioVersion = 17.6.33829.357
MinimumVisualStudioVersion = 10.0.40219.1
Project("{FAE04EC0-301F-11D3-BF4B-00C04F79EFBC}") = "Meow.Angular", "Meow.Angular.csproj", "{38646CF4-E528-4FBE-9056-F9D89EFC2868}"
EndProject
Global
	GlobalSection(SolutionConfigurationPlatforms) = preSolution
		Debug|Any CPU = Debug|Any CPU
		Release|Any CPU = Release|Any CPU
	EndGlobalSection
	GlobalSection(ProjectConfigurationPlatforms) = postSolution
		{38646CF4-E528-4FBE-9056-F9D89EFC2868}.Debug|Any CPU.ActiveCfg = Debug|Any CPU
		{38646CF4-E528-4FBE-9056-F9D89EFC2868}.Debug|Any CPU.Build.0 = Debug|Any CPU
		{38646CF4-E528-4FBE-9056-F9D89EFC2868}.Release|Any CPU.ActiveCfg = Release|Any CPU
		{38646CF4-E528-4FBE-9056-F9D89EFC2868}.Release|Any CPU.Build.0 = Release|Any CPU
	EndGlobalSection
	GlobalSection(SolutionProperties) = preSolution
		HideSolutionNode = FALSE
	EndGlobalSection
	GlobalSection(ExtensibilityGlobals) = postSolution
		SolutionGuid = {6F98B4F8-874B-4A6F-A4E5-D08C32C0DDFB}
	EndGlobalSection
EndGlobal
