{
  "name": "meow-angular",
  "version": "0.1.1",
  "lockfileVersion": 3,
  "requires": true,
  "packages": {
    "": {
      "name": "meow-angular",
      "version": "0.1.1",
      "license": "MIT",
      "dependencies": {
        "tslib": "^2.3.0"
      },
      "devDependencies": {},
      "peerDependencies": {
        "@angular/common": "^17.0.0",
        "@angular/core": "^17.0.0",
        "@angular/forms": "^17.0.0",
        "angular-oauth2-oidc": "^15.0.1",
        "date-fns": "^2.30.0",
        "lodash-es": "^4.17.21",
        "ng-event-bus": "^5.2.0",
        "rxjs": "^7.8.1"
      }
    },
    "node_modules/@angular/common": {
      "version": "17.0.4",
      "resolved": "https://registry.npmjs.org/@angular/common/-/common-17.0.4.tgz",
      "integrity": "sha512-/y38PbuiaWOuOmP5ZELTlJSjZGijc6Nq2XQloT5pKsaH935prxPjyWazwlY6cUnJMQgSRU644/ULosDJec7Zxw==",
      "peer": true,
      "dependencies": {
        "tslib": "^2.3.0"
      },
      "engines": {
        "node": "^18.13.0 || >=20.9.0"
      },
      "peerDependencies": {
        "@angular/core": "17.0.4",
        "rxjs": "^6.5.3 || ^7.4.0"
      }
    },
    "node_modules/@angular/core": {
      "version": "17.0.4",
      "resolved": "https://registry.npmjs.org/@angular/core/-/core-17.0.4.tgz",
      "integrity": "sha512-zk+z5sYPZd87pLxECx27quB5FvSmoi9PjJlcSlaBwwqaGnh/tPJI14u3q1dRY/CoZgP9egEiwc428+DzvOzJew==",
      "peer": true,
      "dependencies": {
        "tslib": "^2.3.0"
      },
      "engines": {
        "node": "^18.13.0 || >=20.9.0"
      },
      "peerDependencies": {
        "rxjs": "^6.5.3 || ^7.4.0",
        "zone.js": "~0.14.0"
      }
    },
    "node_modules/@angular/forms": {
      "version": "17.0.4",
      "resolved": "https://registry.npmjs.org/@angular/forms/-/forms-17.0.4.tgz",
      "integrity": "sha512-R5J87dfJNWwi5SESD7tRkZnqG4u8KNAT4vImX4oG70/6vWioKUSWpLoSp1gpzy9UW51E85AKb8DNvIex7LclSg==",
      "peer": true,
      "dependencies": {
        "tslib": "^2.3.0"
      },
      "engines": {
        "node": "^18.13.0 || >=20.9.0"
      },
      "peerDependencies": {
        "@angular/common": "17.0.4",
        "@angular/core": "17.0.4",
        "@angular/platform-browser": "17.0.4",
        "rxjs": "^6.5.3 || ^7.4.0"
      }
    },
    "node_modules/@angular/platform-browser": {
      "version": "17.0.4",
      "resolved": "https://registry.npmjs.org/@angular/platform-browser/-/platform-browser-17.0.4.tgz",
      "integrity": "sha512-lApUzVPfCEz/4aot77qzWUNg7yQgT0JSzy3BrBm95+2TbgH894J9Fswhig0sEN9jxGSkc3A5Yp5fs1HJcPqUiw==",
      "peer": true,
      "dependencies": {
        "tslib": "^2.3.0"
      },
      "engines": {
        "node": "^18.13.0 || >=20.9.0"
      },
      "peerDependencies": {
        "@angular/animations": "17.0.4",
        "@angular/common": "17.0.4",
        "@angular/core": "17.0.4"
      },
      "peerDependenciesMeta": {
        "@angular/animations": {
          "optional": true
        }
      }
    },
    "node_modules/@babel/runtime": {
      "version": "7.23.4",
      "resolved": "https://registry.npmjs.org/@babel/runtime/-/runtime-7.23.4.tgz",
      "integrity": "sha512-2Yv65nlWnWlSpe3fXEyX5i7fx5kIKo4Qbcj+hMO0odwaneFjfXw5fdum+4yL20O0QiaHpia0cYQ9xpNMqrBwHg==",
      "peer": true,
      "dependencies": {
        "regenerator-runtime": "^0.14.0"
      },
      "engines": {
        "node": ">=6.9.0"
      }
    },
    "node_modules/angular-oauth2-oidc": {
      "version": "15.0.1",
      "resolved": "https://registry.npmjs.org/angular-oauth2-oidc/-/angular-oauth2-oidc-15.0.1.tgz",
      "integrity": "sha512-5gpqO9QL+qFqMItYFHe8F6H5nOIEaowcNUc9iTDs3P1bfVYnoKoVAaijob53PuPTF4YwzdfwKWZi4Mq6P7GENQ==",
      "peer": true,
      "dependencies": {
        "tslib": "^2.0.0"
      },
      "peerDependencies": {
        "@angular/common": ">=14.0.0",
        "@angular/core": ">=14.0.0"
      }
    },
    "node_modules/date-fns": {
      "version": "2.30.0",
      "resolved": "https://registry.npmjs.org/date-fns/-/date-fns-2.30.0.tgz",
      "integrity": "sha512-fnULvOpxnC5/Vg3NCiWelDsLiUc9bRwAPs/+LfTLNvetFCtCTN+yQz15C/fs4AwX1R9K5GLtLfn8QW+dWisaAw==",
      "peer": true,
      "dependencies": {
        "@babel/runtime": "^7.21.0"
      },
      "engines": {
        "node": ">=0.11"
      },
      "funding": {
        "type": "opencollective",
        "url": "https://opencollective.com/date-fns"
      }
    },
    "node_modules/lodash-es": {
      "version": "4.17.21",
      "resolved": "https://registry.npmjs.org/lodash-es/-/lodash-es-4.17.21.tgz",
      "integrity": "sha512-mKnC+QJ9pWVzv+C4/U3rRsHapFfHvQFoFB92e52xeyGMcX6/OlIl78je1u8vePzYZSkkogMPJ2yjxxsb89cxyw==",
      "peer": true
    },
    "node_modules/ng-event-bus": {
      "version": "5.2.0",
      "resolved": "https://registry.npmjs.org/ng-event-bus/-/ng-event-bus-5.2.0.tgz",
      "integrity": "sha512-1HW1ziyR5PMwizI1DdjgHjkCliXAXQUbDwlvT5+mLX8GZldgMyCt/AUyLj7u/8twJceReNeT1ogBbSFElN69og==",
      "peer": true,
      "dependencies": {
        "rxjs": "~7.8.0",
        "tslib": "^2.3.0"
      },
      "engines": {
        "node": ">= 14"
      }
    },
    "node_modules/regenerator-runtime": {
      "version": "0.14.0",
      "resolved": "https://registry.npmjs.org/regenerator-runtime/-/regenerator-runtime-0.14.0.tgz",
      "integrity": "sha512-srw17NI0TUWHuGa5CFGGmhfNIeja30WMBfbslPNhf6JrqQlLN5gcrvig1oqPxiVaXb0oW0XRKtH6Nngs5lKCIA==",
      "peer": true
    },
    "node_modules/rxjs": {
      "version": "7.8.1",
      "resolved": "https://registry.npmjs.org/rxjs/-/rxjs-7.8.1.tgz",
      "integrity": "sha512-AA3TVj+0A2iuIoQkWEK/tqFjBq2j+6PO6Y0zJcvzLAFhEFIO3HL0vls9hWLncZbAAbK0mar7oZ4V079I/qPMxg==",
      "peer": true,
      "dependencies": {
        "tslib": "^2.1.0"
      }
    },
    "node_modules/tslib": {
      "version": "2.6.2",
      "resolved": "https://registry.npmjs.org/tslib/-/tslib-2.6.2.tgz",
      "integrity": "sha512-AEYxH93jGFPn/a2iVAwW87VuUIkR1FVUKB77NwMF7nBTDkDrrT/Hpt/IrCJ0QXhW27jTBDcf5ZY7w6RiqTMw2Q=="
    },
    "node_modules/zone.js": {
      "version": "0.14.2",
      "resolved": "https://registry.npmjs.org/zone.js/-/zone.js-0.14.2.tgz",
      "integrity": "sha512-X4U7J1isDhoOmHmFWiLhloWc2lzMkdnumtfQ1LXzf/IOZp5NQYuMUTaviVzG/q1ugMBIXzin2AqeVJUoSEkNyQ==",
      "peer": true,
      "dependencies": {
        "tslib": "^2.3.0"
      }
    }
  }
}
