{
  "name": "meow-angular",
  "version": "0.0.1",
  "lockfileVersion": 3,
  "requires": true,
  "packages": {
    "": {
      "name": "meow-angular",
      "version": "0.0.1",
      "license": "MIT",
      "dependencies": {
        "tslib": "^2.3.0"
      },
      "devDependencies": {},
      "peerDependencies": {
        "@angular/common": "^16.2.0",
        "@angular/core": "^16.2.0",
        "@angular/forms": "^16.2.0",
        "ng-zorro-antd": "^16.1.0"
      }
    },
    "node_modules/@angular/animations": {
      "version": "16.2.2",
      "resolved": "https://registry.npmjs.org/@angular/animations/-/animations-16.2.2.tgz",
      "integrity": "sha512-p0QefudkPGXjq9inZDrtW6WJrDcSeL+Nkc8lxubjg5fLQATKWKpsUBb+u2xEVu8OvWqj8BvrZUDnXYLyTdM4vw==",
      "peer": true,
      "dependencies": {
        "tslib": "^2.3.0"
      },
      "engines": {
        "node": "^16.14.0 || >=18.10.0"
      },
      "peerDependencies": {
        "@angular/core": "16.2.2"
      }
    },
    "node_modules/@angular/cdk": {
      "version": "16.2.1",
      "resolved": "https://registry.npmjs.org/@angular/cdk/-/cdk-16.2.1.tgz",
      "integrity": "sha512-rRVdAdfuQ34Eq7na/q2SIO6Me2p/rtU2zeQOW6wrNf6KJfWSTbU6RvNw09cDygAQLp/WmwQvWLhkjWNWGDSf0w==",
      "peer": true,
      "dependencies": {
        "tslib": "^2.3.0"
      },
      "optionalDependencies": {
        "parse5": "^7.1.2"
      },
      "peerDependencies": {
        "@angular/common": "^16.0.0 || ^17.0.0",
        "@angular/core": "^16.0.0 || ^17.0.0",
        "rxjs": "^6.5.3 || ^7.4.0"
      }
    },
    "node_modules/@angular/common": {
      "version": "16.2.2",
      "resolved": "https://registry.npmjs.org/@angular/common/-/common-16.2.2.tgz",
      "integrity": "sha512-2ww8/heDHkfJEBwjakbQeleq610ljcvytNs6ZN1xiXib060xMP+xx17Oa9I3onhi369JsKCHkMR5Qs2U5af1uA==",
      "peer": true,
      "dependencies": {
        "tslib": "^2.3.0"
      },
      "engines": {
        "node": "^16.14.0 || >=18.10.0"
      },
      "peerDependencies": {
        "@angular/core": "16.2.2",
        "rxjs": "^6.5.3 || ^7.4.0"
      }
    },
    "node_modules/@angular/core": {
      "version": "16.2.2",
      "resolved": "https://registry.npmjs.org/@angular/core/-/core-16.2.2.tgz",
      "integrity": "sha512-l6nJlppguroov7eByBIpbxn/mEPcQrL//Ru1TSPzTtXOLR1p41VqPMaeJXj7xYVx7im57YLTDPAjhtLzkUT/Ow==",
      "peer": true,
      "dependencies": {
        "tslib": "^2.3.0"
      },
      "engines": {
        "node": "^16.14.0 || >=18.10.0"
      },
      "peerDependencies": {
        "rxjs": "^6.5.3 || ^7.4.0",
        "zone.js": "~0.13.0"
      }
    },
    "node_modules/@angular/forms": {
      "version": "16.2.2",
      "resolved": "https://registry.npmjs.org/@angular/forms/-/forms-16.2.2.tgz",
      "integrity": "sha512-Q3GmOCLSD5BXSjvlLkMsJLXWXb4SO0gA2Aya8JaG1y0doQT/CdGcYXrsCrCT3ot13wqp0HdGQ/ATNd0cNjmz2A==",
      "peer": true,
      "dependencies": {
        "tslib": "^2.3.0"
      },
      "engines": {
        "node": "^16.14.0 || >=18.10.0"
      },
      "peerDependencies": {
        "@angular/common": "16.2.2",
        "@angular/core": "16.2.2",
        "@angular/platform-browser": "16.2.2",
        "rxjs": "^6.5.3 || ^7.4.0"
      }
    },
    "node_modules/@angular/platform-browser": {
      "version": "16.2.2",
      "resolved": "https://registry.npmjs.org/@angular/platform-browser/-/platform-browser-16.2.2.tgz",
      "integrity": "sha512-9RwUiHYCAmEirXqwWL/rPfXHMkU9PnpGinok6tmHF8agAmJs1kMWZedxG0GnreTzpTlBu/dI/4v6VDfR9S/D6Q==",
      "peer": true,
      "dependencies": {
        "tslib": "^2.3.0"
      },
      "engines": {
        "node": "^16.14.0 || >=18.10.0"
      },
      "peerDependencies": {
        "@angular/animations": "16.2.2",
        "@angular/common": "16.2.2",
        "@angular/core": "16.2.2"
      },
      "peerDependenciesMeta": {
        "@angular/animations": {
          "optional": true
        }
      }
    },
    "node_modules/@angular/router": {
      "version": "16.2.2",
      "resolved": "https://registry.npmjs.org/@angular/router/-/router-16.2.2.tgz",
      "integrity": "sha512-r4KMVUVEWqjOZK0ZUsY8jRqscseGvgcigcikvYJwfxPqtCGYY7RoVAFY7HUtmXC0GAv1aIybK5o/MKTLaecD5Q==",
      "peer": true,
      "dependencies": {
        "tslib": "^2.3.0"
      },
      "engines": {
        "node": "^16.14.0 || >=18.10.0"
      },
      "peerDependencies": {
        "@angular/common": "16.2.2",
        "@angular/core": "16.2.2",
        "@angular/platform-browser": "16.2.2",
        "rxjs": "^6.5.3 || ^7.4.0"
      }
    },
    "node_modules/@ant-design/colors": {
      "version": "7.0.0",
      "resolved": "https://registry.npmjs.org/@ant-design/colors/-/colors-7.0.0.tgz",
      "integrity": "sha512-iVm/9PfGCbC0dSMBrz7oiEXZaaGH7ceU40OJEfKmyuzR9R5CRimJYPlRiFtMQGQcbNMea/ePcoIebi4ASGYXtg==",
      "peer": true,
      "dependencies": {
        "@ctrl/tinycolor": "^3.4.0"
      }
    },
    "node_modules/@ant-design/icons-angular": {
      "version": "16.0.0",
      "resolved": "https://registry.npmjs.org/@ant-design/icons-angular/-/icons-angular-16.0.0.tgz",
      "integrity": "sha512-KWBmWZl2so49R/MdAT7aG+xaBlMKl9SArR3Du/iPA0Am9GI1i9R89KgnnLWz+gkzHTye15S1IBXpgts4GPPU/w==",
      "peer": true,
      "dependencies": {
        "@ant-design/colors": "^7.0.0",
        "tslib": "^2.0.0"
      },
      "peerDependencies": {
        "@angular/common": "^16.0.0",
        "@angular/core": "^16.0.0",
        "@angular/platform-browser": "^16.0.0",
        "rxjs": "^6.4.0 || ^7.4.0"
      }
    },
    "node_modules/@babel/runtime": {
      "version": "7.22.11",
      "resolved": "https://registry.npmjs.org/@babel/runtime/-/runtime-7.22.11.tgz",
      "integrity": "sha512-ee7jVNlWN09+KftVOu9n7S8gQzD/Z6hN/I8VBRXW4P1+Xe7kJGXMwu8vds4aGIMHZnNbdpSWCfZZtinytpcAvA==",
      "peer": true,
      "dependencies": {
        "regenerator-runtime": "^0.14.0"
      },
      "engines": {
        "node": ">=6.9.0"
      }
    },
    "node_modules/@ctrl/tinycolor": {
      "version": "3.6.1",
      "resolved": "https://registry.npmjs.org/@ctrl/tinycolor/-/tinycolor-3.6.1.tgz",
      "integrity": "sha512-SITSV6aIXsuVNV3f3O0f2n/cgyEDWoSqtZMYiAmcsYHydcKrOz3gUxB/iXd/Qf08+IZX4KpgNbvUdMBmWz+kcA==",
      "peer": true,
      "engines": {
        "node": ">=10"
      }
    },
    "node_modules/date-fns": {
      "version": "2.30.0",
      "resolved": "https://registry.npmjs.org/date-fns/-/date-fns-2.30.0.tgz",
      "integrity": "sha512-fnULvOpxnC5/Vg3NCiWelDsLiUc9bRwAPs/+LfTLNvetFCtCTN+yQz15C/fs4AwX1R9K5GLtLfn8QW+dWisaAw==",
      "peer": true,
      "dependencies": {
        "@babel/runtime": "^7.21.0"
      },
      "engines": {
        "node": ">=0.11"
      },
      "funding": {
        "type": "opencollective",
        "url": "https://opencollective.com/date-fns"
      }
    },
    "node_modules/entities": {
      "version": "4.5.0",
      "resolved": "https://registry.npmjs.org/entities/-/entities-4.5.0.tgz",
      "integrity": "sha512-V0hjH4dGPh9Ao5p0MoRY6BVqtwCjhz6vI5LT8AJ55H+4g9/4vbHx1I54fS0XuclLhDHArPQCiMjDxjaL8fPxhw==",
      "optional": true,
      "peer": true,
      "engines": {
        "node": ">=0.12"
      },
      "funding": {
        "url": "https://github.com/fb55/entities?sponsor=1"
      }
    },
    "node_modules/ng-zorro-antd": {
      "version": "16.1.0",
      "resolved": "https://registry.npmjs.org/ng-zorro-antd/-/ng-zorro-antd-16.1.0.tgz",
      "integrity": "sha512-+KjXoA0+v/liTtVIHswmOAzB9UaGADrO1tL9AOZsTLq5sZM8+DmhtixGRoSMD8HkkhpMFhsgEIxoHlkxtn1SXg==",
      "peer": true,
      "dependencies": {
        "@angular/cdk": "^16.0.0",
        "@ant-design/icons-angular": "^16.0.0",
        "date-fns": "^2.16.1",
        "tslib": "^2.3.0"
      },
      "peerDependencies": {
        "@angular/animations": "^16.0.0",
        "@angular/common": "^16.0.0",
        "@angular/core": "^16.0.0",
        "@angular/forms": "^16.0.0",
        "@angular/platform-browser": "^16.0.0",
        "@angular/router": "^16.0.0"
      }
    },
    "node_modules/parse5": {
      "version": "7.1.2",
      "resolved": "https://registry.npmjs.org/parse5/-/parse5-7.1.2.tgz",
      "integrity": "sha512-Czj1WaSVpaoj0wbhMzLmWD69anp2WH7FXMB9n1Sy8/ZFF9jolSQVMu1Ij5WIyGmcBmhk7EOndpO4mIpihVqAXw==",
      "optional": true,
      "peer": true,
      "dependencies": {
        "entities": "^4.4.0"
      },
      "funding": {
        "url": "https://github.com/inikulin/parse5?sponsor=1"
      }
    },
    "node_modules/regenerator-runtime": {
      "version": "0.14.0",
      "resolved": "https://registry.npmjs.org/regenerator-runtime/-/regenerator-runtime-0.14.0.tgz",
      "integrity": "sha512-srw17NI0TUWHuGa5CFGGmhfNIeja30WMBfbslPNhf6JrqQlLN5gcrvig1oqPxiVaXb0oW0XRKtH6Nngs5lKCIA==",
      "peer": true
    },
    "node_modules/rxjs": {
      "version": "7.8.1",
      "resolved": "https://registry.npmjs.org/rxjs/-/rxjs-7.8.1.tgz",
      "integrity": "sha512-AA3TVj+0A2iuIoQkWEK/tqFjBq2j+6PO6Y0zJcvzLAFhEFIO3HL0vls9hWLncZbAAbK0mar7oZ4V079I/qPMxg==",
      "peer": true,
      "dependencies": {
        "tslib": "^2.1.0"
      }
    },
    "node_modules/tslib": {
      "version": "2.6.2",
      "resolved": "https://registry.npmjs.org/tslib/-/tslib-2.6.2.tgz",
      "integrity": "sha512-AEYxH93jGFPn/a2iVAwW87VuUIkR1FVUKB77NwMF7nBTDkDrrT/Hpt/IrCJ0QXhW27jTBDcf5ZY7w6RiqTMw2Q=="
    },
    "node_modules/zone.js": {
      "version": "0.13.1",
      "resolved": "https://registry.npmjs.org/zone.js/-/zone.js-0.13.1.tgz",
      "integrity": "sha512-+bIeDAFEBYuXRuU3qGQvzdPap+N1zjM4KkBAiiQuVVCrHrhjDuY6VkUhNa5+U27+9w0q3fbKiMCbpJ0XzMmSWA==",
      "peer": true,
      "dependencies": {
        "tslib": "^2.3.0"
      }
    }
  }
}
