{
  "name": "meow-ng-zorro-antd-context-menu",
  "version": "0.1.1",
  "lockfileVersion": 3,
  "requires": true,
  "packages": {
    "": {
      "name": "meow-ng-zorro-antd-context-menu",
      "version": "0.1.1",
      "license": "MIT",
      "dependencies": {
        "tslib": "^2.3.0"
      },
      "devDependencies": {},
      "peerDependencies": {
        "@angular/common": "^17.0.0",
        "@angular/core": "^17.0.0",
        "@angular/forms": "^17.0.0",
        "angular-oauth2-oidc": "^15.0.1",
        "date-fns": "^2.30.0",
        "lodash-es": "^4.17.21",
        "meow-angular": "^0.1.13",
        "ng-event-bus": "^5.2.0",
        "ng-zorro-antd": "^17.0.0",
        "rxjs": "^7.8.1"
      }
    },
    "node_modules/@angular/animations": {
      "version": "17.0.5",
      "resolved": "http://kyber-designer.kyber-platform.com.cn:18081/repository/npm_group/@angular/animations/-/animations-17.0.5.tgz",
      "integrity": "sha512-NZ9Y3QWqrn0THypVNwsztMV9rnjxNMRIf6to8aZv+ehIUOvskqcA/lW5qAdcMr1uNoyloB9vahJrDniWWEKT5A==",
      "license": "MIT",
      "peer": true,
      "dependencies": {
        "tslib": "^2.3.0"
      },
      "engines": {
        "node": "^18.13.0 || >=20.9.0"
      },
      "peerDependencies": {
        "@angular/core": "17.0.5"
      }
    },
    "node_modules/@angular/cdk": {
      "version": "17.0.2",
      "resolved": "http://kyber-designer.kyber-platform.com.cn:18081/repository/npm_group/@angular/cdk/-/cdk-17.0.2.tgz",
      "integrity": "sha512-5d2LmlpvsrfLubfzWxzWa+pLW93m/GXVuFITETozPbwEeqOTDNZPbS4v89VF1SWUCxefb1tx5m4zaGpsTep7gQ==",
      "license": "MIT",
      "peer": true,
      "dependencies": {
        "tslib": "^2.3.0"
      },
      "optionalDependencies": {
        "parse5": "^7.1.2"
      },
      "peerDependencies": {
        "@angular/common": "^17.0.0 || ^18.0.0",
        "@angular/core": "^17.0.0 || ^18.0.0",
        "rxjs": "^6.5.3 || ^7.4.0"
      }
    },
    "node_modules/@angular/common": {
      "version": "17.0.5",
      "resolved": "http://kyber-designer.kyber-platform.com.cn:18081/repository/npm_group/@angular/common/-/common-17.0.5.tgz",
      "integrity": "sha512-1vFZ7nd8xyAYh/DwFtRuSieP8Dy/6QuOxl914/TOUr26F1a4e+7ywCyMLVjmYjx+WkZe7uu/Hgpr2raBaVTnQw==",
      "license": "MIT",
      "peer": true,
      "dependencies": {
        "tslib": "^2.3.0"
      },
      "engines": {
        "node": "^18.13.0 || >=20.9.0"
      },
      "peerDependencies": {
        "@angular/core": "17.0.5",
        "rxjs": "^6.5.3 || ^7.4.0"
      }
    },
    "node_modules/@angular/core": {
      "version": "17.0.5",
      "resolved": "http://kyber-designer.kyber-platform.com.cn:18081/repository/npm_group/@angular/core/-/core-17.0.5.tgz",
      "integrity": "sha512-siWUrdBWgTAqMnRF+qxGZznj5AdR/x3+8l0/bj4CkSZzwZGL/CHy40ec71bbgiPkYob1v4v40voXu2aSSeCLPg==",
      "license": "MIT",
      "peer": true,
      "dependencies": {
        "tslib": "^2.3.0"
      },
      "engines": {
        "node": "^18.13.0 || >=20.9.0"
      },
      "peerDependencies": {
        "rxjs": "^6.5.3 || ^7.4.0",
        "zone.js": "~0.14.0"
      }
    },
    "node_modules/@angular/forms": {
      "version": "17.0.5",
      "resolved": "http://kyber-designer.kyber-platform.com.cn:18081/repository/npm_group/@angular/forms/-/forms-17.0.5.tgz",
      "integrity": "sha512-d91Rre/NK+SgamF1OJmDJUx+Zs8M7qFmrKu7c+hNsXPe8J/fkMNoWFikne/WSsegwY929E1xpeqvu/KXQt90ug==",
      "license": "MIT",
      "peer": true,
      "dependencies": {
        "tslib": "^2.3.0"
      },
      "engines": {
        "node": "^18.13.0 || >=20.9.0"
      },
      "peerDependencies": {
        "@angular/common": "17.0.5",
        "@angular/core": "17.0.5",
        "@angular/platform-browser": "17.0.5",
        "rxjs": "^6.5.3 || ^7.4.0"
      }
    },
    "node_modules/@angular/platform-browser": {
      "version": "17.0.5",
      "resolved": "http://kyber-designer.kyber-platform.com.cn:18081/repository/npm_group/@angular/platform-browser/-/platform-browser-17.0.5.tgz",
      "integrity": "sha512-VJQ6bVS40xJLNGNcX59/QFPrZesIm2zETOqAc6K04onuWF1EnJqvcDog9eYJsm0sLWhQeCdWVmAFRenTkDoqng==",
      "license": "MIT",
      "peer": true,
      "dependencies": {
        "tslib": "^2.3.0"
      },
      "engines": {
        "node": "^18.13.0 || >=20.9.0"
      },
      "peerDependencies": {
        "@angular/animations": "17.0.5",
        "@angular/common": "17.0.5",
        "@angular/core": "17.0.5"
      },
      "peerDependenciesMeta": {
        "@angular/animations": {
          "optional": true
        }
      }
    },
    "node_modules/@angular/router": {
      "version": "17.0.5",
      "resolved": "http://kyber-designer.kyber-platform.com.cn:18081/repository/npm_group/@angular/router/-/router-17.0.5.tgz",
      "integrity": "sha512-9e5MQJzDdfhXKSYrduIDmDf73GBRcjx6qE+k5CliGY4sFza10wdbrM4LkiuA3Z2Ja+2AKkotrGG3ZMCtAsFY1g==",
      "license": "MIT",
      "peer": true,
      "dependencies": {
        "tslib": "^2.3.0"
      },
      "engines": {
        "node": "^18.13.0 || >=20.9.0"
      },
      "peerDependencies": {
        "@angular/common": "17.0.5",
        "@angular/core": "17.0.5",
        "@angular/platform-browser": "17.0.5",
        "rxjs": "^6.5.3 || ^7.4.0"
      }
    },
    "node_modules/@ant-design/colors": {
      "version": "7.0.0",
      "resolved": "http://kyber-designer.kyber-platform.com.cn:18081/repository/npm_group/@ant-design/colors/-/colors-7.0.0.tgz",
      "integrity": "sha512-iVm/9PfGCbC0dSMBrz7oiEXZaaGH7ceU40OJEfKmyuzR9R5CRimJYPlRiFtMQGQcbNMea/ePcoIebi4ASGYXtg==",
      "license": "MIT",
      "peer": true,
      "dependencies": {
        "@ctrl/tinycolor": "^3.4.0"
      }
    },
    "node_modules/@ant-design/icons-angular": {
      "version": "17.0.0",
      "resolved": "http://kyber-designer.kyber-platform.com.cn:18081/repository/npm_group/@ant-design/icons-angular/-/icons-angular-17.0.0.tgz",
      "integrity": "sha512-MNEh3UbkSl6gkdb5MQRNHEuWI1DnU1dME9zSymnWCipEXN7MB0mcYHSfyYTqKL1j45ftp6l1UnsLvhokRYyhXA==",
      "license": "MIT",
      "peer": true,
      "dependencies": {
        "@ant-design/colors": "^7.0.0",
        "tslib": "^2.0.0"
      },
      "peerDependencies": {
        "@angular/common": "^17.0.1",
        "@angular/core": "^17.0.1",
        "@angular/platform-browser": "^17.0.1",
        "rxjs": "^6.4.0 || ^7.4.0"
      }
    },
    "node_modules/@babel/runtime": {
      "version": "7.23.5",
      "resolved": "http://kyber-designer.kyber-platform.com.cn:18081/repository/npm_group/@babel/runtime/-/runtime-7.23.5.tgz",
      "integrity": "sha512-NdUTHcPe4C99WxPub+K9l9tK5/lV4UXIoaHSYgzco9BCyjKAAwzdBI+wWtYqHt7LJdbo74ZjRPJgzVweq1sz0w==",
      "license": "MIT",
      "peer": true,
      "dependencies": {
        "regenerator-runtime": "^0.14.0"
      },
      "engines": {
        "node": ">=6.9.0"
      }
    },
    "node_modules/@ctrl/tinycolor": {
      "version": "3.6.1",
      "resolved": "http://kyber-designer.kyber-platform.com.cn:18081/repository/npm_group/@ctrl/tinycolor/-/tinycolor-3.6.1.tgz",
      "integrity": "sha512-SITSV6aIXsuVNV3f3O0f2n/cgyEDWoSqtZMYiAmcsYHydcKrOz3gUxB/iXd/Qf08+IZX4KpgNbvUdMBmWz+kcA==",
      "license": "MIT",
      "peer": true,
      "engines": {
        "node": ">=10"
      }
    },
    "node_modules/angular-oauth2-oidc": {
      "version": "15.0.1",
      "resolved": "http://kyber-designer.kyber-platform.com.cn:18081/repository/npm_group/angular-oauth2-oidc/-/angular-oauth2-oidc-15.0.1.tgz",
      "integrity": "sha512-5gpqO9QL+qFqMItYFHe8F6H5nOIEaowcNUc9iTDs3P1bfVYnoKoVAaijob53PuPTF4YwzdfwKWZi4Mq6P7GENQ==",
      "license": "MIT",
      "peer": true,
      "dependencies": {
        "tslib": "^2.0.0"
      },
      "peerDependencies": {
        "@angular/common": ">=14.0.0",
        "@angular/core": ">=14.0.0"
      }
    },
    "node_modules/date-fns": {
      "version": "2.30.0",
      "resolved": "http://kyber-designer.kyber-platform.com.cn:18081/repository/npm_group/date-fns/-/date-fns-2.30.0.tgz",
      "integrity": "sha512-fnULvOpxnC5/Vg3NCiWelDsLiUc9bRwAPs/+LfTLNvetFCtCTN+yQz15C/fs4AwX1R9K5GLtLfn8QW+dWisaAw==",
      "license": "MIT",
      "peer": true,
      "dependencies": {
        "@babel/runtime": "^7.21.0"
      },
      "engines": {
        "node": ">=0.11"
      },
      "funding": {
        "type": "opencollective",
        "url": "https://opencollective.com/date-fns"
      }
    },
    "node_modules/entities": {
      "version": "4.5.0",
      "resolved": "http://kyber-designer.kyber-platform.com.cn:18081/repository/npm_group/entities/-/entities-4.5.0.tgz",
      "integrity": "sha512-V0hjH4dGPh9Ao5p0MoRY6BVqtwCjhz6vI5LT8AJ55H+4g9/4vbHx1I54fS0XuclLhDHArPQCiMjDxjaL8fPxhw==",
      "license": "BSD-2-Clause",
      "optional": true,
      "peer": true,
      "engines": {
        "node": ">=0.12"
      },
      "funding": {
        "url": "https://github.com/fb55/entities?sponsor=1"
      }
    },
    "node_modules/lodash-es": {
      "version": "4.17.21",
      "resolved": "http://kyber-designer.kyber-platform.com.cn:18081/repository/npm_group/lodash-es/-/lodash-es-4.17.21.tgz",
      "integrity": "sha512-mKnC+QJ9pWVzv+C4/U3rRsHapFfHvQFoFB92e52xeyGMcX6/OlIl78je1u8vePzYZSkkogMPJ2yjxxsb89cxyw==",
      "license": "MIT",
      "peer": true
    },
    "node_modules/meow-angular": {
      "version": "0.1.13",
      "resolved": "http://kyber-designer.kyber-platform.com.cn:18081/repository/npm_group/meow-angular/-/meow-angular-0.1.13.tgz",
      "integrity": "sha512-Fd3hnvrlcGz6fzfc7oCscFA6U49uHL0vBhqodEe+wdXkqUSDjibuoxZg4CDG4I4koSYQjKxBCavtfJwzgfsi4A==",
      "license": "MIT",
      "peer": true,
      "dependencies": {
        "tslib": "^2.3.0"
      },
      "peerDependencies": {
        "@angular/common": "^17.0.0",
        "@angular/core": "^17.0.0",
        "@angular/forms": "^17.0.0",
        "angular-oauth2-oidc": "^15.0.1",
        "date-fns": "^2.30.0",
        "lodash-es": "^4.17.21",
        "ng-event-bus": "^5.2.0",
        "rxjs": "^7.8.1"
      }
    },
    "node_modules/ng-event-bus": {
      "version": "5.2.0",
      "resolved": "http://kyber-designer.kyber-platform.com.cn:18081/repository/npm_group/ng-event-bus/-/ng-event-bus-5.2.0.tgz",
      "integrity": "sha512-1HW1ziyR5PMwizI1DdjgHjkCliXAXQUbDwlvT5+mLX8GZldgMyCt/AUyLj7u/8twJceReNeT1ogBbSFElN69og==",
      "license": "MIT",
      "peer": true,
      "dependencies": {
        "rxjs": "~7.8.0",
        "tslib": "^2.3.0"
      },
      "engines": {
        "node": ">= 14"
      }
    },
    "node_modules/ng-zorro-antd": {
      "version": "17.0.1",
      "resolved": "http://kyber-designer.kyber-platform.com.cn:18081/repository/npm_group/ng-zorro-antd/-/ng-zorro-antd-17.0.1.tgz",
      "integrity": "sha512-e3Riftf09XWqXBAraCVxVjNVck/nyBPmZtFlJOAMzjQPzhtjGJfUT33KdFuIulmIovv711669PBGNCK/T1TOBA==",
      "license": "MIT",
      "peer": true,
      "dependencies": {
        "@angular/cdk": "^17.0.0",
        "@ant-design/icons-angular": "^17.0.0",
        "date-fns": "^2.16.1",
        "tslib": "^2.3.0"
      },
      "peerDependencies": {
        "@angular/animations": "^17.0.0",
        "@angular/common": "^17.0.0",
        "@angular/core": "^17.0.0",
        "@angular/forms": "^17.0.0",
        "@angular/platform-browser": "^17.0.0",
        "@angular/router": "^17.0.0"
      }
    },
    "node_modules/parse5": {
      "version": "7.1.2",
      "resolved": "http://kyber-designer.kyber-platform.com.cn:18081/repository/npm_group/parse5/-/parse5-7.1.2.tgz",
      "integrity": "sha512-Czj1WaSVpaoj0wbhMzLmWD69anp2WH7FXMB9n1Sy8/ZFF9jolSQVMu1Ij5WIyGmcBmhk7EOndpO4mIpihVqAXw==",
      "license": "MIT",
      "optional": true,
      "peer": true,
      "dependencies": {
        "entities": "^4.4.0"
      },
      "funding": {
        "url": "https://github.com/inikulin/parse5?sponsor=1"
      }
    },
    "node_modules/regenerator-runtime": {
      "version": "0.14.0",
      "resolved": "http://kyber-designer.kyber-platform.com.cn:18081/repository/npm_group/regenerator-runtime/-/regenerator-runtime-0.14.0.tgz",
      "integrity": "sha512-srw17NI0TUWHuGa5CFGGmhfNIeja30WMBfbslPNhf6JrqQlLN5gcrvig1oqPxiVaXb0oW0XRKtH6Nngs5lKCIA==",
      "license": "MIT",
      "peer": true
    },
    "node_modules/rxjs": {
      "version": "7.8.1",
      "resolved": "http://kyber-designer.kyber-platform.com.cn:18081/repository/npm_group/rxjs/-/rxjs-7.8.1.tgz",
      "integrity": "sha512-AA3TVj+0A2iuIoQkWEK/tqFjBq2j+6PO6Y0zJcvzLAFhEFIO3HL0vls9hWLncZbAAbK0mar7oZ4V079I/qPMxg==",
      "license": "Apache-2.0",
      "peer": true,
      "dependencies": {
        "tslib": "^2.1.0"
      }
    },
    "node_modules/tslib": {
      "version": "2.6.2",
      "resolved": "http://kyber-designer.kyber-platform.com.cn:18081/repository/npm_group/tslib/-/tslib-2.6.2.tgz",
      "integrity": "sha512-AEYxH93jGFPn/a2iVAwW87VuUIkR1FVUKB77NwMF7nBTDkDrrT/Hpt/IrCJ0QXhW27jTBDcf5ZY7w6RiqTMw2Q==",
      "license": "0BSD"
    },
    "node_modules/zone.js": {
      "version": "0.14.2",
      "resolved": "http://kyber-designer.kyber-platform.com.cn:18081/repository/npm_group/zone.js/-/zone.js-0.14.2.tgz",
      "integrity": "sha512-X4U7J1isDhoOmHmFWiLhloWc2lzMkdnumtfQ1LXzf/IOZp5NQYuMUTaviVzG/q1ugMBIXzin2AqeVJUoSEkNyQ==",
      "license": "MIT",
      "peer": true,
      "dependencies": {
        "tslib": "^2.3.0"
      }
    }
  }
}
